
Microsoft Visual Studio Solution File, Format Version 12.00
# Visual Studio Version 16
VisualStudioVersion = 16.0.29728.190
MinimumVisualStudioVersion = 10.0.40219.1
Project("{F184B08F-C81C-45F6-A57F-5ABD9991F28F}") = "ProjectsDemo", "ProjectsDemo\ProjectsDemo.vbproj", "{4286B5C2-107A-4D75-B68B-E4F59384349B}"
EndProject
Project("{2150E333-8FDC-42A3-9474-1A3956D46DE8}") = "Web", "Web", "{B6D7568D-E29B-42EF-A540-EB43E624C6FC}"
EndProject
Project("{2150E333-8FDC-42A3-9474-1A3956D46DE8}") = "Model", "Model", "{2754CDD8-ABC7-4F20-94F8-851885FFF8B8}"
EndProject
Project("{2150E333-8FDC-42A3-9474-1A3956D46DE8}") = "Data", "Data", "{7B23A7DE-69CE-4789-8AD9-1398AF6F55DA}"
EndProject
Project("{F184B08F-C81C-45F6-A57F-5ABD9991F28F}") = "ProjectsDemo.Data", "ProjectsDemo.Data\ProjectsDemo.Data.vbproj", "{ECD15EB8-06F8-44CA-B535-635B7605E409}"
EndProject
Project("{F184B08F-C81C-45F6-A57F-5ABD9991F28F}") = "ProjectsDemo.Model", "ProjectsDemo.Model\ProjectsDemo.Model.vbproj", "{B212996A-6C30-454C-9391-3EF7E76E78B3}"
EndProject
Global
	GlobalSection(SolutionConfigurationPlatforms) = preSolution
		Debug|Any CPU = Debug|Any CPU
		Release|Any CPU = Release|Any CPU
	EndGlobalSection
	GlobalSection(ProjectConfigurationPlatforms) = postSolution
		{4286B5C2-107A-4D75-B68B-E4F59384349B}.Debug|Any CPU.ActiveCfg = Debug|Any CPU
		{4286B5C2-107A-4D75-B68B-E4F59384349B}.Debug|Any CPU.Build.0 = Debug|Any CPU
		{4286B5C2-107A-4D75-B68B-E4F59384349B}.Release|Any CPU.ActiveCfg = Release|Any CPU
		{4286B5C2-107A-4D75-B68B-E4F59384349B}.Release|Any CPU.Build.0 = Release|Any CPU
		{ECD15EB8-06F8-44CA-B535-635B7605E409}.Debug|Any CPU.ActiveCfg = Debug|Any CPU
		{ECD15EB8-06F8-44CA-B535-635B7605E409}.Debug|Any CPU.Build.0 = Debug|Any CPU
		{ECD15EB8-06F8-44CA-B535-635B7605E409}.Release|Any CPU.ActiveCfg = Release|Any CPU
		{ECD15EB8-06F8-44CA-B535-635B7605E409}.Release|Any CPU.Build.0 = Release|Any CPU
		{B212996A-6C30-454C-9391-3EF7E76E78B3}.Debug|Any CPU.ActiveCfg = Debug|Any CPU
		{B212996A-6C30-454C-9391-3EF7E76E78B3}.Debug|Any CPU.Build.0 = Debug|Any CPU
		{B212996A-6C30-454C-9391-3EF7E76E78B3}.Release|Any CPU.ActiveCfg = Release|Any CPU
		{B212996A-6C30-454C-9391-3EF7E76E78B3}.Release|Any CPU.Build.0 = Release|Any CPU
	EndGlobalSection
	GlobalSection(SolutionProperties) = preSolution
		HideSolutionNode = FALSE
	EndGlobalSection
	GlobalSection(NestedProjects) = preSolution
		{4286B5C2-107A-4D75-B68B-E4F59384349B} = {B6D7568D-E29B-42EF-A540-EB43E624C6FC}
		{ECD15EB8-06F8-44CA-B535-635B7605E409} = {7B23A7DE-69CE-4789-8AD9-1398AF6F55DA}
		{B212996A-6C30-454C-9391-3EF7E76E78B3} = {2754CDD8-ABC7-4F20-94F8-851885FFF8B8}
	EndGlobalSection
	GlobalSection(ExtensibilityGlobals) = postSolution
		SolutionGuid = {D5DCC7F0-9A9A-4646-846C-BF6D17AEEFAA}
	EndGlobalSection
EndGlobal
